# This file was autogenerated by Stack.
# You should not edit this file by hand.
# For more information, please see the documentation at:
#   https://docs.haskellstack.org/en/stable/lock_files

packages:
- completed:
    name: fortran-src
    version: 0.9.0
    git: https://github.com/camfort/fortran-src
    pantry-tree:
      size: 9747
      sha256: 9c4c0bd4eceb14fc131e5ee06a6d86b0fd3ac2e65a07d6b5ad4616bc7e59f03c
    commit: e6f750f50892a45c08af0c55a98abfc5bbf5dc3a
  original:
    git: https://github.com/camfort/fortran-src
    commit: e6f750f50892a45c08af0c55a98abfc5bbf5dc3a
snapshots:
- completed:
    size: 588043
    url: https://raw.githubusercontent.com/commercialhaskell/stackage-snapshots/master/nightly/2022/5/20.yaml
    sha256: 7800e52de866bab899c118558f3a48e455f9f57fb3b3595e0002018fbea5ee58
  original: nightly-2022-05-20
